
Microsoft Visual Studio Solution File, Format Version 12.00
# Visual Studio Version 17
VisualStudioVersion = 17.3.32825.248
MinimumVisualStudioVersion = 10.0.40219.1
Project("{8BC9CEB8-8B4A-11D0-8D11-00A0C91BC942}") = "Blue-Flag's External Menu", "Blue-Flag's External Menu.vcxproj", "{BCAFB22E-194B-4736-97C6-00E5F01155AB}"
EndProject
Global
	GlobalSection(SolutionConfigurationPlatforms) = preSolution
		Debug|x64 = Debug|x64
		Release|x64 = Release|x64
	EndGlobalSection
	GlobalSection(ProjectConfigurationPlatforms) = postSolution
		{BCAFB22E-194B-4736-97C6-00E5F01155AB}.Debug|x64.ActiveCfg = Debug|x64
		{BCAFB22E-194B-4736-97C6-00E5F01155AB}.Debug|x64.Build.0 = Debug|x64
		{BCAFB22E-194B-4736-97C6-00E5F01155AB}.Release|x64.ActiveCfg = Release|x64
		{BCAFB22E-194B-4736-97C6-00E5F01155AB}.Release|x64.Build.0 = Release|x64
	EndGlobalSection
	GlobalSection(SolutionProperties) = preSolution
		HideSolutionNode = FALSE
	EndGlobalSection
	GlobalSection(ExtensibilityGlobals) = postSolution
		SolutionGuid = {5D08AB08-15F5-46FE-ADDE-6A53AAE6120D}
	EndGlobalSection
EndGlobal
